<?xml version="1.0" encoding="utf-8"?>
<Project ToolsVersion="4.0" xmlns="http://schemas.microsoft.com/developer/msbuild/2003">
  <ItemGroup>
    <Filter Include="Source Files">
      <UniqueIdentifier>{3e10de26-4969-4923-907f-4c3b3b17f6c6}</UniqueIdentifier>
      <Extensions>cpp;c;cxx;rc;def;r;odl;idl;hpj;bat</Extensions>
    </Filter>
    <Filter Include="Header Files">
      <UniqueIdentifier>{c5fdc0bb-9924-4d03-87a8-00b6486a8a9a}</UniqueIdentifier>
      <Extensions>h;hpp;hxx;hm;inl</Extensions>
    </Filter>
    <Filter Include="Resource Files">
      <UniqueIdentifier>{f19f1d84-92f3-4ac2-819b-531bfd1cca99}</UniqueIdentifier>
      <Extensions>ico;cur;bmp;dlg;rc2;rct;bin;rgs;gif;jpg;jpeg;jpe</Extensions>
    </Filter>
  </ItemGroup>
  <ItemGroup>
    <ClCompile Include="ddutil.cpp">
      <Filter>Source Files</Filter>
    </ClCompile>
    <ClCompile Include="DecodePosition.cpp">
      <Filter>Source Files</Filter>
    </ClCompile>
    <ClCompile Include="DrawingTasks.cpp">
      <Filter>Source Files</Filter>
    </ClCompile>
    <ClCompile Include="dxutil.cpp">
      <Filter>Source Files</Filter>
    </ClCompile>
    <ClCompile Include="EliteKeno.cpp">
      <Filter>Source Files</Filter>
    </ClCompile>
    <ClCompile Include="GameState.cpp">
      <Filter>Source Files</Filter>
    </ClCompile>
  </ItemGroup>
  <ItemGroup>
    <ClInclude Include="ddutil.h">
      <Filter>Header Files</Filter>
    </ClInclude>
    <ClInclude Include="DecodePosition.h">
      <Filter>Header Files</Filter>
    </ClInclude>
    <ClInclude Include="DrawingTasks.h">
      <Filter>Header Files</Filter>
    </ClInclude>
    <ClInclude Include="dxutil.h">
      <Filter>Header Files</Filter>
    </ClInclude>
    <ClInclude Include="EliteKeno.h">
      <Filter>Header Files</Filter>
    </ClInclude>
    <ClInclude Include="GameState.h">
      <Filter>Header Files</Filter>
    </ClInclude>
    <ClInclude Include="Main.h">
      <Filter>Header Files</Filter>
    </ClInclude>
    <ClInclude Include="resource.h">
      <Filter>Resource Files</Filter>
    </ClInclude>
  </ItemGroup>
  <ItemGroup>
    <Image Include="directx.bmp">
      <Filter>Resource Files</Filter>
    </Image>
    <Image Include="directx.ico">
      <Filter>Resource Files</Filter>
    </Image>
  </ItemGroup>
  <ItemGroup>
    <ResourceCompile Include="EliteKeno.rc">
      <Filter>Resource Files</Filter>
    </ResourceCompile>
  </ItemGroup>
</Project>